// !$*UTF8*$!
{
	archiveVersion = 1;
	classes = {
	};
	objectVersion = 55;
	objects = {

/* Begin PBXBuildFile section */
		EED0FB7C285A4D6800D59925 /* AppDelegate.m in Sources */ = {isa = PBXBuildFile; fileRef = EED0FB7B285A4D6800D59925 /* AppDelegate.m */; };
		EED0FB7F285A4D6800D59925 /* SceneDelegate.m in Sources */ = {isa = PBXBuildFile; fileRef = EED0FB7E285A4D6800D59925 /* SceneDelegate.m */; };
		EED0FB82285A4D6800D59925 /* ViewController.m in Sources */ = {isa = PBXBuildFile; fileRef = EED0FB81285A4D6800D59925 /* ViewController.m */; };
		EED0FB85285A4D6800D59925 /* Main.storyboard in Resources */ = {isa = PBXBuildFile; fileRef = EED0FB83285A4D6800D59925 /* Main.storyboard */; };
		EED0FB87285A4D6900D59925 /* Assets.xcassets in Resources */ = {isa = PBXBuildFile; fileRef = EED0FB86285A4D6900D59925 /* Assets.xcassets */; };
		EED0FB8A285A4D6900D59925 /* LaunchScreen.storyboard in Resources */ = {isa = PBXBuildFile; fileRef = EED0FB88285A4D6900D59925 /* LaunchScreen.storyboard */; };
		EED0FB8D285A4D6900D59925 /* main.m in Sources */ = {isa = PBXBuildFile; fileRef = EED0FB8C285A4D6900D59925 /* main.m */; };
		EED0FB97285A4D6900D59925 /* FlixterTests.m in Sources */ = {isa = PBXBuildFile; fileRef = EED0FB96285A4D6900D59925 /* FlixterTests.m */; };
		EED0FBA1285A4D6900D59925 /* FlixterUITests.m in Sources */ = {isa = PBXBuildFile; fileRef = EED0FBA0285A4D6900D59925 /* FlixterUITests.m */; };
		EED0FBA3285A4D6900D59925 /* FlixterUITestsLaunchTests.m in Sources */ = {isa = PBXBuildFile; fileRef = EED0FBA2285A4D6900D59925 /* FlixterUITestsLaunchTests.m */; };
/* End PBXBuildFile section */

/* Begin PBXContainerItemProxy section */
		EED0FB93285A4D6900D59925 /* PBXContainerItemProxy */ = {
			isa = PBXContainerItemProxy;
			containerPortal = EED0FB6F285A4D6800D59925 /* Project object */;
			proxyType = 1;
			remoteGlobalIDString = EED0FB76285A4D6800D59925;
			remoteInfo = Flixter;
		};
		EED0FB9D285A4D6900D59925 /* PBXContainerItemProxy */ = {
			isa = PBXContainerItemProxy;
			containerPortal = EED0FB6F285A4D6800D59925 /* Project object */;
			proxyType = 1;
			remoteGlobalIDString = EED0FB76285A4D6800D59925;
			remoteInfo = Flixter;
		};
/* End PBXContainerItemProxy section */

/* Begin PBXFileReference section */
		EED0FB77285A4D6800D59925 /* Flixter.app */ = {isa = PBXFileReference; explicitFileType = wrapper.application; includeInIndex = 0; path = Flixter.app; sourceTree = BUILT_PRODUCTS_DIR; };
		EED0FB7A285A4D6800D59925 /* AppDelegate.h */ = {isa = PBXFileReference; lastKnownFileType = sourcecode.c.h; path = AppDelegate.h; sourceTree = "<group>"; };
		EED0FB7B285A4D6800D59925 /* AppDelegate.m */ = {isa = PBXFileReference; lastKnownFileType = sourcecode.c.objc; path = AppDelegate.m; sourceTree = "<group>"; };
		EED0FB7D285A4D6800D59925 /* SceneDelegate.h */ = {isa = PBXFileReference; lastKnownFileType = sourcecode.c.h; path = SceneDelegate.h; sourceTree = "<group>"; };
		EED0FB7E285A4D6800D59925 /* SceneDelegate.m */ = {isa = PBXFileReference; lastKnownFileType = sourcecode.c.objc; path = SceneDelegate.m; sourceTree = "<group>"; };
		EED0FB80285A4D6800D59925 /* ViewController.h */ = {isa = PBXFileReference; lastKnownFileType = sourcecode.c.h; path = ViewController.h; sourceTree = "<group>"; };
		EED0FB81285A4D6800D59925 /* ViewController.m */ = {isa = PBXFileReference; lastKnownFileType = sourcecode.c.objc; path = ViewController.m; sourceTree = "<group>"; };
		EED0FB84285A4D6800D59925 /* Base */ = {isa = PBXFileReference; lastKnownFileType = file.storyboard; name = Base; path = Base.lproj/Main.storyboard; sourceTree = "<group>"; };
		EED0FB86285A4D6900D59925 /* Assets.xcassets */ = {isa = PBXFileReference; lastKnownFileType = folder.assetcatalog; path = Assets.xcassets; sourceTree = "<group>"; };
		EED0FB89285A4D6900D59925 /* Base */ = {isa = PBXFileReference; lastKnownFileType = file.storyboard; name = Base; path = Base.lproj/LaunchScreen.storyboard; sourceTree = "<group>"; };
		EED0FB8B285A4D6900D59925 /* Info.plist */ = {isa = PBXFileReference; lastKnownFileType = text.plist.xml; path = Info.plist; sourceTree = "<group>"; };
		EED0FB8C285A4D6900D59925 /* main.m */ = {isa = PBXFileReference; lastKnownFileType = sourcecode.c.objc; path = main.m; sourceTree = "<group>"; };
		EED0FB92285A4D6900D59925 /* FlixterTests.xctest */ = {isa = PBXFileReference; explicitFileType = wrapper.cfbundle; includeInIndex = 0; path = FlixterTests.xctest; sourceTree = BUILT_PRODUCTS_DIR; };
		EED0FB96285A4D6900D59925 /* FlixterTests.m */ = {isa = PBXFileReference; lastKnownFileType = sourcecode.c.objc; path = FlixterTests.m; sourceTree = "<group>"; };
		EED0FB9C285A4D6900D59925 /* FlixterUITests.xctest */ = {isa = PBXFileReference; explicitFileType = wrapper.cfbundle; includeInIndex = 0; path = FlixterUITests.xctest; sourceTree = BUILT_PRODUCTS_DIR; };
		EED0FBA0285A4D6900D59925 /* FlixterUITests.m */ = {isa = PBXFileReference; lastKnownFileType = sourcecode.c.objc; path = FlixterUITests.m; sourceTree = "<group>"; };
		EED0FBA2285A4D6900D59925 /* FlixterUITestsLaunchTests.m */ = {isa = PBXFileReference; lastKnownFileType = sourcecode.c.objc; path = FlixterUITestsLaunchTests.m; sourceTree = "<group>"; };
/* End PBXFileReference section */

/* Begin PBXFrameworksBuildPhase section */
		EED0FB74285A4D6800D59925 /* Frameworks */ = {
			isa = PBXFrameworksBuildPhase;
			buildActionMask = 2147483647;
			files = (
			);
			runOnlyForDeploymentPostprocessing = 0;
		};
		EED0FB8F285A4D6900D59925 /* Frameworks */ = {
			isa = PBXFrameworksBuildPhase;
			buildActionMask = 2147483647;
			files = (
			);
			runOnlyForDeploymentPostprocessing = 0;
		};
		EED0FB99285A4D6900D59925 /* Frameworks */ = {
			isa = PBXFrameworksBuildPhase;
			buildActionMask = 2147483647;
			files = (
			);
			runOnlyForDeploymentPostprocessing = 0;
		};
/* End PBXFrameworksBuildPhase section */

/* Begin PBXGroup section */
		EED0FB6E285A4D6800D59925 = {
			isa = PBXGroup;
			children = (
				EED0FB79285A4D6800D59925 /* Flixter */,
				EED0FB95285A4D6900D59925 /* FlixterTests */,
				EED0FB9F285A4D6900D59925 /* FlixterUITests */,
				EED0FB78285A4D6800D59925 /* Products */,
			);
			sourceTree = "<group>";
		};
		EED0FB78285A4D6800D59925 /* Products */ = {
			isa = PBXGroup;
			children = (
				EED0FB77285A4D6800D59925 /* Flixter.app */,
				EED0FB92285A4D6900D59925 /* FlixterTests.xctest */,
				EED0FB9C285A4D6900D59925 /* FlixterUITests.xctest */,
			);
			name = Products;
			sourceTree = "<group>";
		};
		EED0FB79285A4D6800D59925 /* Flixter */ = {
			isa = PBXGroup;
			children = (
				EED0FB7A285A4D6800D59925 /* AppDelegate.h */,
				EED0FB7B285A4D6800D59925 /* AppDelegate.m */,
				EED0FB7D285A4D6800D59925 /* SceneDelegate.h */,
				EED0FB7E285A4D6800D59925 /* SceneDelegate.m */,
				EED0FB80285A4D6800D59925 /* ViewController.h */,
				EED0FB81285A4D6800D59925 /* ViewController.m */,
				EED0FB83285A4D6800D59925 /* Main.storyboard */,
				EED0FB86285A4D6900D59925 /* Assets.xcassets */,
				EED0FB88285A4D6900D59925 /* LaunchScreen.storyboard */,
				EED0FB8B285A4D6900D59925 /* Info.plist */,
				EED0FB8C285A4D6900D59925 /* main.m */,
			);
			path = Flixter;
			sourceTree = "<group>";
		};
		EED0FB95285A4D6900D59925 /* FlixterTests */ = {
			isa = PBXGroup;
			children = (
				EED0FB96285A4D6900D59925 /* FlixterTests.m */,
			);
			path = FlixterTests;
			sourceTree = "<group>";
		};
		EED0FB9F285A4D6900D59925 /* FlixterUITests */ = {
			isa = PBXGroup;
			children = (
				EED0FBA0285A4D6900D59925 /* FlixterUITests.m */,
				EED0FBA2285A4D6900D59925 /* FlixterUITestsLaunchTests.m */,
			);
			path = FlixterUITests;
			sourceTree = "<group>";
		};
/* End PBXGroup section */

/* Begin PBXNativeTarget section */
		EED0FB76285A4D6800D59925 /* Flixter */ = {
			isa = PBXNativeTarget;
			buildConfigurationList = EED0FBA6285A4D6900D59925 /* Build configuration list for PBXNativeTarget "Flixter" */;
			buildPhases = (
				EED0FB73285A4D6800D59925 /* Sources */,
				EED0FB74285A4D6800D59925 /* Frameworks */,
				EED0FB75285A4D6800D59925 /* Resources */,
			);
			buildRules = (
			);
			dependencies = (
			);
			name = Flixter;
			productName = Flixter;
			productReference = EED0FB77285A4D6800D59925 /* Flixter.app */;
			productType = "com.apple.product-type.application";
		};
		EED0FB91285A4D6900D59925 /* FlixterTests */ = {
			isa = PBXNativeTarget;
			buildConfigurationList = EED0FBA9285A4D6900D59925 /* Build configuration list for PBXNativeTarget "FlixterTests" */;
			buildPhases = (
				EED0FB8E285A4D6900D59925 /* Sources */,
				EED0FB8F285A4D6900D59925 /* Frameworks */,
				EED0FB90285A4D6900D59925 /* Resources */,
			);
			buildRules = (
			);
			dependencies = (
				EED0FB94285A4D6900D59925 /* PBXTargetDependency */,
			);
			name = FlixterTests;
			productName = FlixterTests;
			productReference = EED0FB92285A4D6900D59925 /* FlixterTests.xctest */;
			productType = "com.apple.product-type.bundle.unit-test";
		};
		EED0FB9B285A4D6900D59925 /* FlixterUITests */ = {
			isa = PBXNativeTarget;
			buildConfigurationList = EED0FBAC285A4D6900D59925 /* Build configuration list for PBXNativeTarget "FlixterUITests" */;
			buildPhases = (
				EED0FB98285A4D6900D59925 /* Sources */,
				EED0FB99285A4D6900D59925 /* Frameworks */,
				EED0FB9A285A4D6900D59925 /* Resources */,
			);
			buildRules = (
			);
			dependencies = (
				EED0FB9E285A4D6900D59925 /* PBXTargetDependency */,
			);
			name = FlixterUITests;
			productName = FlixterUITests;
			productReference = EED0FB9C285A4D6900D59925 /* FlixterUITests.xctest */;
			productType = "com.apple.product-type.bundle.ui-testing";
		};
/* End PBXNativeTarget section */

/* Begin PBXProject section */
		EED0FB6F285A4D6800D59925 /* Project object */ = {
			isa = PBXProject;
			attributes = {
				BuildIndependentTargetsInParallel = 1;
				LastUpgradeCheck = 1340;
				TargetAttributes = {
					EED0FB76285A4D6800D59925 = {
						CreatedOnToolsVersion = 13.4;
					};
					EED0FB91285A4D6900D59925 = {
						CreatedOnToolsVersion = 13.4;
						TestTargetID = EED0FB76285A4D6800D59925;
					};
					EED0FB9B285A4D6900D59925 = {
						CreatedOnToolsVersion = 13.4;
						TestTargetID = EED0FB76285A4D6800D59925;
					};
				};
			};
			buildConfigurationList = EED0FB72285A4D6800D59925 /* Build configuration list for PBXProject "Flixter" */;
			compatibilityVersion = "Xcode 13.0";
			developmentRegion = en;
			hasScannedForEncodings = 0;
			knownRegions = (
				en,
				Base,
			);
			mainGroup = EED0FB6E285A4D6800D59925;
			productRefGroup = EED0FB78285A4D6800D59925 /* Products */;
			projectDirPath = "";
			projectRoot = "";
			targets = (
				EED0FB76285A4D6800D59925 /* Flixter */,
				EED0FB91285A4D6900D59925 /* FlixterTests */,
				EED0FB9B285A4D6900D59925 /* FlixterUITests */,
			);
		};
/* End PBXProject section */

/* Begin PBXResourcesBuildPhase section */
		EED0FB75285A4D6800D59925 /* Resources */ = {
			isa = PBXResourcesBuildPhase;
			buildActionMask = 2147483647;
			files = (
				EED0FB8A285A4D6900D59925 /* LaunchScreen.storyboard in Resources */,
				EED0FB87285A4D6900D59925 /* Assets.xcassets in Resources */,
				EED0FB85285A4D6800D59925 /* Main.storyboard in Resources */,
			);
			runOnlyForDeploymentPostprocessing = 0;
		};
		EED0FB90285A4D6900D59925 /* Resources */ = {
			isa = PBXResourcesBuildPhase;
			buildActionMask = 2147483647;
			files = (
			);
			runOnlyForDeploymentPostprocessing = 0;
		};
		EED0FB9A285A4D6900D59925 /* Resources */ = {
			isa = PBXResourcesBuildPhase;
			buildActionMask = 2147483647;
			files = (
			);
			runOnlyForDeploymentPostprocessing = 0;
		};
/* End PBXResourcesBuildPhase section */

/* Begin PBXSourcesBuildPhase section */
		EED0FB73285A4D6800D59925 /* Sources */ = {
			isa = PBXSourcesBuildPhase;
			buildActionMask = 2147483647;
			files = (
				EED0FB82285A4D6800D59925 /* ViewController.m in Sources */,
				EED0FB7C285A4D6800D59925 /* AppDelegate.m in Sources */,
				EED0FB8D285A4D6900D59925 /* main.m in Sources */,
				EED0FB7F285A4D6800D59925 /* SceneDelegate.m in Sources */,
			);
			runOnlyForDeploymentPostprocessing = 0;
		};
		EED0FB8E285A4D6900D59925 /* Sources */ = {
			isa = PBXSourcesBuildPhase;
			buildActionMask = 2147483647;
			files = (
				EED0FB97285A4D6900D59925 /* FlixterTests.m in Sources */,
			);
			runOnlyForDeploymentPostprocessing = 0;
		};
		EED0FB98285A4D6900D59925 /* Sources */ = {
			isa = PBXSourcesBuildPhase;
			buildActionMask = 2147483647;
			files = (
				EED0FBA1285A4D6900D59925 /* FlixterUITests.m in Sources */,
				EED0FBA3285A4D6900D59925 /* FlixterUITestsLaunchTests.m in Sources */,
			);
			runOnlyForDeploymentPostprocessing = 0;
		};
/* End PBXSourcesBuildPhase section */

/* Begin PBXTargetDependency section */
		EED0FB94285A4D6900D59925 /* PBXTargetDependency */ = {
			isa = PBXTargetDependency;
			target = EED0FB76285A4D6800D59925 /* Flixter */;
			targetProxy = EED0FB93285A4D6900D59925 /* PBXContainerItemProxy */;
		};
		EED0FB9E285A4D6900D59925 /* PBXTargetDependency */ = {
			isa = PBXTargetDependency;
			target = EED0FB76285A4D6800D59925 /* Flixter */;
			targetProxy = EED0FB9D285A4D6900D59925 /* PBXContainerItemProxy */;
		};
/* End PBXTargetDependency section */

/* Begin PBXVariantGroup section */
		EED0FB83285A4D6800D59925 /* Main.storyboard */ = {
			isa = PBXVariantGroup;
			children = (
				EED0FB84285A4D6800D59925 /* Base */,
			);
			name = Main.storyboard;
			sourceTree = "<group>";
		};
		EED0FB88285A4D6900D59925 /* LaunchScreen.storyboard */ = {
			isa = PBXVariantGroup;
			children = (
				EED0FB89285A4D6900D59925 /* Base */,
			);
			name = LaunchScreen.storyboard;
			sourceTree = "<group>";
		};
/* End PBXVariantGroup section */

/* Begin XCBuildConfiguration section */
		EED0FBA4285A4D6900D59925 /* Debug */ = {
			isa = XCBuildConfiguration;
			buildSettings = {
				ALWAYS_SEARCH_USER_PATHS = NO;
				CLANG_ANALYZER_NONNULL = YES;
				CLANG_ANALYZER_NUMBER_OBJECT_CONVERSION = YES_AGGRESSIVE;
				CLANG_CXX_LANGUAGE_STANDARD = "gnu++17";
				CLANG_ENABLE_MODULES = YES;
				CLANG_ENABLE_OBJC_ARC = YES;
				CLANG_ENABLE_OBJC_WEAK = YES;
				CLANG_WARN_BLOCK_CAPTURE_AUTORELEASING = YES;
				CLANG_WARN_BOOL_CONVERSION = YES;
				CLANG_WARN_COMMA = YES;
				CLANG_WARN_CONSTANT_CONVERSION = YES;
				CLANG_WARN_DEPRECATED_OBJC_IMPLEMENTATIONS = YES;
				CLANG_WARN_DIRECT_OBJC_ISA_USAGE = YES_ERROR;
				CLANG_WARN_DOCUMENTATION_COMMENTS = YES;
				CLANG_WARN_EMPTY_BODY = YES;
				CLANG_WARN_ENUM_CONVERSION = YES;
				CLANG_WARN_INFINITE_RECURSION = YES;
				CLANG_WARN_INT_CONVERSION = YES;
				CLANG_WARN_NON_LITERAL_NULL_CONVERSION = YES;
				CLANG_WARN_OBJC_IMPLICIT_RETAIN_SELF = YES;
				CLANG_WARN_OBJC_LITERAL_CONVERSION = YES;
				CLANG_WARN_OBJC_ROOT_CLASS = YES_ERROR;
				CLANG_WARN_QUOTED_INCLUDE_IN_FRAMEWORK_HEADER = YES;
				CLANG_WARN_RANGE_LOOP_ANALYSIS = YES;
				CLANG_WARN_STRICT_PROTOTYPES = YES;
				CLANG_WARN_SUSPICIOUS_MOVE = YES;
				CLANG_WARN_UNGUARDED_AVAILABILITY = YES_AGGRESSIVE;
				CLANG_WARN_UNREACHABLE_CODE = YES;
				CLANG_WARN__DUPLICATE_METHOD_MATCH = YES;
				COPY_PHASE_STRIP = NO;
				DEBUG_INFORMATION_FORMAT = dwarf;
				ENABLE_STRICT_OBJC_MSGSEND = YES;
				ENABLE_TESTABILITY = YES;
				GCC_C_LANGUAGE_STANDARD = gnu11;
				GCC_DYNAMIC_NO_PIC = NO;
				GCC_NO_COMMON_BLOCKS = YES;
				GCC_OPTIMIZATION_LEVEL = 0;
				GCC_PREPROCESSOR_DEFINITIONS = (
					"DEBUG=1",
					"$(inherited)",
				);
				GCC_WARN_64_TO_32_BIT_CONVERSION = YES;
				GCC_WARN_ABOUT_RETURN_TYPE = YES_ERROR;
				GCC_WARN_UNDECLARED_SELECTOR = YES;
				GCC_WARN_UNINITIALIZED_AUTOS = YES_AGGRESSIVE;
				GCC_WARN_UNUSED_FUNCTION = YES;
				GCC_WARN_UNUSED_VARIABLE = YES;
				IPHONEOS_DEPLOYMENT_TARGET = 15.5;
				MTL_ENABLE_DEBUG_INFO = INCLUDE_SOURCE;
				MTL_FAST_MATH = YES;
				ONLY_ACTIVE_ARCH = YES;
				SDKROOT = iphoneos;
			};
			name = Debug;
		};
		EED0FBA5285A4D6900D59925 /* Release */ = {
			isa = XCBuildConfiguration;
			buildSettings = {
				ALWAYS_SEARCH_USER_PATHS = NO;
				CLANG_ANALYZER_NONNULL = YES;
				CLANG_ANALYZER_NUMBER_OBJECT_CONVERSION = YES_AGGRESSIVE;
				CLANG_CXX_LANGUAGE_STANDARD = "gnu++17";
				CLANG_ENABLE_MODULES = YES;
				CLANG_ENABLE_OBJC_ARC = YES;
				CLANG_ENABLE_OBJC_WEAK = YES;
				CLANG_WARN_BLOCK_CAPTURE_AUTORELEASING = YES;
				CLANG_WARN_BOOL_CONVERSION = YES;
				CLANG_WARN_COMMA = YES;
				CLANG_WARN_CONSTANT_CONVERSION = YES;
				CLANG_WARN_DEPRECATED_OBJC_IMPLEMENTATIONS = YES;
				CLANG_WARN_DIRECT_OBJC_ISA_USAGE = YES_ERROR;
				CLANG_WARN_DOCUMENTATION_COMMENTS = YES;
				CLANG_WARN_EMPTY_BODY = YES;
				CLANG_WARN_ENUM_CONVERSION = YES;
				CLANG_WARN_INFINITE_RECURSION = YES;
				CLANG_WARN_INT_CONVERSION = YES;
				CLANG_WARN_NON_LITERAL_NULL_CONVERSION = YES;
				CLANG_WARN_OBJC_IMPLICIT_RETAIN_SELF = YES;
				CLANG_WARN_OBJC_LITERAL_CONVERSION = YES;
				CLANG_WARN_OBJC_ROOT_CLASS = YES_ERROR;
				CLANG_WARN_QUOTED_INCLUDE_IN_FRAMEWORK_HEADER = YES;
				CLANG_WARN_RANGE_LOOP_ANALYSIS = YES;
				CLANG_WARN_STRICT_PROTOTYPES = YES;
				CLANG_WARN_SUSPICIOUS_MOVE = YES;
				CLANG_WARN_UNGUARDED_AVAILABILITY = YES_AGGRESSIVE;
				CLANG_WARN_UNREACHABLE_CODE = YES;
				CLANG_WARN__DUPLICATE_METHOD_MATCH = YES;
				COPY_PHASE_STRIP = NO;
				DEBUG_INFORMATION_FORMAT = "dwarf-with-dsym";
				ENABLE_NS_ASSERTIONS = NO;
				ENABLE_STRICT_OBJC_MSGSEND = YES;
				GCC_C_LANGUAGE_STANDARD = gnu11;
				GCC_NO_COMMON_BLOCKS = YES;
				GCC_WARN_64_TO_32_BIT_CONVERSION = YES;
				GCC_WARN_ABOUT_RETURN_TYPE = YES_ERROR;
				GCC_WARN_UNDECLARED_SELECTOR = YES;
				GCC_WARN_UNINITIALIZED_AUTOS = YES_AGGRESSIVE;
				GCC_WARN_UNUSED_FUNCTION = YES;
				GCC_WARN_UNUSED_VARIABLE = YES;
				IPHONEOS_DEPLOYMENT_TARGET = 15.5;
				MTL_ENABLE_DEBUG_INFO = NO;
				MTL_FAST_MATH = YES;
				SDKROOT = iphoneos;
				VALIDATE_PRODUCT = YES;
			};
			name = Release;
		};
		EED0FBA7285A4D6900D59925 /* Debug */ = {
			isa = XCBuildConfiguration;
			buildSettings = {
				ASSETCATALOG_COMPILER_APPICON_NAME = AppIcon;
				ASSETCATALOG_COMPILER_GLOBAL_ACCENT_COLOR_NAME = AccentColor;
				CODE_SIGN_STYLE = Automatic;
				CURRENT_PROJECT_VERSION = 1;
				GENERATE_INFOPLIST_FILE = YES;
				INFOPLIST_FILE = Flixter/Info.plist;
				INFOPLIST_KEY_UIApplicationSupportsIndirectInputEvents = YES;
				INFOPLIST_KEY_UILaunchStoryboardName = LaunchScreen;
				INFOPLIST_KEY_UIMainStoryboardFile = Main;
				INFOPLIST_KEY_UISupportedInterfaceOrientations_iPad = "UIInterfaceOrientationPortrait UIInterfaceOrientationPortraitUpsideDown UIInterfaceOrientationLandscapeLeft UIInterfaceOrientationLandscapeRight";
				INFOPLIST_KEY_UISupportedInterfaceOrientations_iPhone = "UIInterfaceOrientationPortrait UIInterfaceOrientationLandscapeLeft UIInterfaceOrientationLandscapeRight";
				LD_RUNPATH_SEARCH_PATHS = (
					"$(inherited)",
					"@executable_path/Frameworks",
				);
				MARKETING_VERSION = 1.0;
				PRODUCT_BUNDLE_IDENTIFIER = com.codepath.www.Flixter;
				PRODUCT_NAME = "$(TARGET_NAME)";
				SWIFT_EMIT_LOC_STRINGS = YES;
				TARGETED_DEVICE_FAMILY = "1,2";
			};
			name = Debug;
		};
		EED0FBA8285A4D6900D59925 /* Release */ = {
			isa = XCBuildConfiguration;
			buildSettings = {
				ASSETCATALOG_COMPILER_APPICON_NAME = AppIcon;
				ASSETCATALOG_COMPILER_GLOBAL_ACCENT_COLOR_NAME = AccentColor;
				CODE_SIGN_STYLE = Automatic;
				CURRENT_PROJECT_VERSION = 1;
				GENERATE_INFOPLIST_FILE = YES;
				INFOPLIST_FILE = Flixter/Info.plist;
				INFOPLIST_KEY_UIApplicationSupportsIndirectInputEvents = YES;
				INFOPLIST_KEY_UILaunchStoryboardName = LaunchScreen;
				INFOPLIST_KEY_UIMainStoryboardFile = Main;
				INFOPLIST_KEY_UISupportedInterfaceOrientations_iPad = "UIInterfaceOrientationPortrait UIInterfaceOrientationPortraitUpsideDown UIInterfaceOrientationLandscapeLeft UIInterfaceOrientationLandscapeRight";
				INFOPLIST_KEY_UISupportedInterfaceOrientations_iPhone = "UIInterfaceOrientationPortrait UIInterfaceOrientationLandscapeLeft UIInterfaceOrientationLandscapeRight";
				LD_RUNPATH_SEARCH_PATHS = (
					"$(inherited)",
					"@executable_path/Frameworks",
				);
				MARKETING_VERSION = 1.0;
				PRODUCT_BUNDLE_IDENTIFIER = com.codepath.www.Flixter;
				PRODUCT_NAME = "$(TARGET_NAME)";
				SWIFT_EMIT_LOC_STRINGS = YES;
				TARGETED_DEVICE_FAMILY = "1,2";
			};
			name = Release;
		};
		EED0FBAA285A4D6900D59925 /* Debug */ = {
			isa = XCBuildConfiguration;
			buildSettings = {
				BUNDLE_LOADER = "$(TEST_HOST)";
				CODE_SIGN_STYLE = Automatic;
				CURRENT_PROJECT_VERSION = 1;
				GENERATE_INFOPLIST_FILE = YES;
				IPHONEOS_DEPLOYMENT_TARGET = 15.5;
				MARKETING_VERSION = 1.0;
				PRODUCT_BUNDLE_IDENTIFIER = com.codepath.www.FlixterTests;
				PRODUCT_NAME = "$(TARGET_NAME)";
				SWIFT_EMIT_LOC_STRINGS = NO;
				TARGETED_DEVICE_FAMILY = "1,2";
				TEST_HOST = "$(BUILT_PRODUCTS_DIR)/Flixter.app/Flixter";
			};
			name = Debug;
		};
		EED0FBAB285A4D6900D59925 /* Release */ = {
			isa = XCBuildConfiguration;
			buildSettings = {
				BUNDLE_LOADER = "$(TEST_HOST)";
				CODE_SIGN_STYLE = Automatic;
				CURRENT_PROJECT_VERSION = 1;
				GENERATE_INFOPLIST_FILE = YES;
				IPHONEOS_DEPLOYMENT_TARGET = 15.5;
				MARKETING_VERSION = 1.0;
				PRODUCT_BUNDLE_IDENTIFIER = com.codepath.www.FlixterTests;
				PRODUCT_NAME = "$(TARGET_NAME)";
				SWIFT_EMIT_LOC_STRINGS = NO;
				TARGETED_DEVICE_FAMILY = "1,2";
				TEST_HOST = "$(BUILT_PRODUCTS_DIR)/Flixter.app/Flixter";
			};
			name = Release;
		};
		EED0FBAD285A4D6900D59925 /* Debug */ = {
			isa = XCBuildConfiguration;
			buildSettings = {
				CODE_SIGN_STYLE = Automatic;
				CURRENT_PROJECT_VERSION = 1;
				GENERATE_INFOPLIST_FILE = YES;
				MARKETING_VERSION = 1.0;
				PRODUCT_BUNDLE_IDENTIFIER = com.codepath.www.FlixterUITests;
				PRODUCT_NAME = "$(TARGET_NAME)";
				SWIFT_EMIT_LOC_STRINGS = NO;
				TARGETED_DEVICE_FAMILY = "1,2";
				TEST_TARGET_NAME = Flixter;
			};
			name = Debug;
		};
		EED0FBAE285A4D6900D59925 /* Release */ = {
			isa = XCBuildConfiguration;
			buildSettings = {
				CODE_SIGN_STYLE = Automatic;
				CURRENT_PROJECT_VERSION = 1;
				GENERATE_INFOPLIST_FILE = YES;
				MARKETING_VERSION = 1.0;
				PRODUCT_BUNDLE_IDENTIFIER = com.codepath.www.FlixterUITests;
				PRODUCT_NAME = "$(TARGET_NAME)";
				SWIFT_EMIT_LOC_STRINGS = NO;
				TARGETED_DEVICE_FAMILY = "1,2";
				TEST_TARGET_NAME = Flixter;
			};
			name = Release;
		};
/* End XCBuildConfiguration section */

/* Begin XCConfigurationList section */
		EED0FB72285A4D6800D59925 /* Build configuration list for PBXProject "Flixter" */ = {
			isa = XCConfigurationList;
			buildConfigurations = (
				EED0FBA4285A4D6900D59925 /* Debug */,
				EED0FBA5285A4D6900D59925 /* Release */,
			);
			defaultConfigurationIsVisible = 0;
			defaultConfigurationName = Release;
		};
		EED0FBA6285A4D6900D59925 /* Build configuration list for PBXNativeTarget "Flixter" */ = {
			isa = XCConfigurationList;
			buildConfigurations = (
				EED0FBA7285A4D6900D59925 /* Debug */,
				EED0FBA8285A4D6900D59925 /* Release */,
			);
			defaultConfigurationIsVisible = 0;
			defaultConfigurationName = Release;
		};
		EED0FBA9285A4D6900D59925 /* Build configuration list for PBXNativeTarget "FlixterTests" */ = {
			isa = XCConfigurationList;
			buildConfigurations = (
				EED0FBAA285A4D6900D59925 /* Debug */,
				EED0FBAB285A4D6900D59925 /* Release */,
			);
			defaultConfigurationIsVisible = 0;
			defaultConfigurationName = Release;
		};
		EED0FBAC285A4D6900D59925 /* Build configuration list for PBXNativeTarget "FlixterUITests" */ = {
			isa = XCConfigurationList;
			buildConfigurations = (
				EED0FBAD285A4D6900D59925 /* Debug */,
				EED0FBAE285A4D6900D59925 /* Release */,
			);
			defaultConfigurationIsVisible = 0;
			defaultConfigurationName = Release;
		};
/* End XCConfigurationList section */
	};
	rootObject = EED0FB6F285A4D6800D59925 /* Project object */;
}
